Microsoft Visual Studio Solution File, Format Version 12.00
# Visual Studio Version 16
VisualStudioVersion = 16.0.0.0
MinimumVisualStudioVersion = 16.0.0.0
Project("{9A19103F-16F7-4668-BE54-9A1E7A4F7556}") = "Server", "Source\Presentation\Server\Server.csproj", "{BAD58578-B474-4CAA-B264-994D24A2D0A0}"
EndProject
Project("{9A19103F-16F7-4668-BE54-9A1E7A4F7556}") = "Client", "Source\Presentation\Client\Client.csproj", "{5484CD26-5E00-4238-9793-3004348C1878}"
EndProject
Project("{9A19103F-16F7-4668-BE54-9A1E7A4F7556}") = "Domain", "Source\Domain\Domain.csproj", "{71D9D989-0FA8-4988-AF41-FB2EAD83FECE}"
EndProject
Project("{2150E333-8FDC-42A3-9474-1A3956D46DE8}") = "Source", "Source", "{1254F7FC-B17B-471F-A6C4-1A908A73700F}"
EndProject
Project("{2150E333-8FDC-42A3-9474-1A3956D46DE8}") = "Infrastructure", "Infrastructure", "{6F51F353-62A1-4E48-9FAA-71451891D407}"
EndProject
Project("{FAE04EC0-301F-11D3-BF4B-00C04F79EFBC}") = "Infrastructure.StrongInject", "Source\Infrastructure\StrongInject\Infrastructure.StrongInject.csproj", "{39FAC423-17C5-4963-AA5D-303AC5207B10}"
EndProject
Global
	GlobalSection(SolutionConfigurationPlatforms) = preSolution
		Debug|Any CPU = Debug|Any CPU
		Debug|x64 = Debug|x64
		Debug|x86 = Debug|x86
		Release|Any CPU = Release|Any CPU
		Release|x64 = Release|x64
		Release|x86 = Release|x86
	EndGlobalSection
	GlobalSection(ProjectConfigurationPlatforms) = postSolution
		{5484CD26-5E00-4238-9793-3004348C1878}.Debug|Any CPU.ActiveCfg = Debug|Any CPU
		{5484CD26-5E00-4238-9793-3004348C1878}.Debug|Any CPU.Build.0 = Debug|Any CPU
		{5484CD26-5E00-4238-9793-3004348C1878}.Debug|x64.ActiveCfg = Debug|Any CPU
		{5484CD26-5E00-4238-9793-3004348C1878}.Debug|x64.Build.0 = Debug|Any CPU
		{5484CD26-5E00-4238-9793-3004348C1878}.Debug|x86.ActiveCfg = Debug|Any CPU
		{5484CD26-5E00-4238-9793-3004348C1878}.Debug|x86.Build.0 = Debug|Any CPU
		{5484CD26-5E00-4238-9793-3004348C1878}.Release|Any CPU.ActiveCfg = Release|Any CPU
		{5484CD26-5E00-4238-9793-3004348C1878}.Release|Any CPU.Build.0 = Release|Any CPU
		{5484CD26-5E00-4238-9793-3004348C1878}.Release|x64.ActiveCfg = Release|Any CPU
		{5484CD26-5E00-4238-9793-3004348C1878}.Release|x64.Build.0 = Release|Any CPU
		{5484CD26-5E00-4238-9793-3004348C1878}.Release|x86.ActiveCfg = Release|Any CPU
		{5484CD26-5E00-4238-9793-3004348C1878}.Release|x86.Build.0 = Release|Any CPU
		{BAD58578-B474-4CAA-B264-994D24A2D0A0}.Debug|Any CPU.ActiveCfg = Debug|Any CPU
		{BAD58578-B474-4CAA-B264-994D24A2D0A0}.Debug|Any CPU.Build.0 = Debug|Any CPU
		{BAD58578-B474-4CAA-B264-994D24A2D0A0}.Debug|x64.ActiveCfg = Debug|Any CPU
		{BAD58578-B474-4CAA-B264-994D24A2D0A0}.Debug|x64.Build.0 = Debug|Any CPU
		{BAD58578-B474-4CAA-B264-994D24A2D0A0}.Debug|x86.ActiveCfg = Debug|Any CPU
		{BAD58578-B474-4CAA-B264-994D24A2D0A0}.Debug|x86.Build.0 = Debug|Any CPU
		{BAD58578-B474-4CAA-B264-994D24A2D0A0}.Release|Any CPU.ActiveCfg = Release|Any CPU
		{BAD58578-B474-4CAA-B264-994D24A2D0A0}.Release|Any CPU.Build.0 = Release|Any CPU
		{BAD58578-B474-4CAA-B264-994D24A2D0A0}.Release|x64.ActiveCfg = Release|Any CPU
		{BAD58578-B474-4CAA-B264-994D24A2D0A0}.Release|x64.Build.0 = Release|Any CPU
		{BAD58578-B474-4CAA-B264-994D24A2D0A0}.Release|x86.ActiveCfg = Release|Any CPU
		{BAD58578-B474-4CAA-B264-994D24A2D0A0}.Release|x86.Build.0 = Release|Any CPU
		{71D9D989-0FA8-4988-AF41-FB2EAD83FECE}.Debug|Any CPU.ActiveCfg = Debug|Any CPU
		{71D9D989-0FA8-4988-AF41-FB2EAD83FECE}.Debug|Any CPU.Build.0 = Debug|Any CPU
		{71D9D989-0FA8-4988-AF41-FB2EAD83FECE}.Debug|x64.ActiveCfg = Debug|Any CPU
		{71D9D989-0FA8-4988-AF41-FB2EAD83FECE}.Debug|x64.Build.0 = Debug|Any CPU
		{71D9D989-0FA8-4988-AF41-FB2EAD83FECE}.Debug|x86.ActiveCfg = Debug|Any CPU
		{71D9D989-0FA8-4988-AF41-FB2EAD83FECE}.Debug|x86.Build.0 = Debug|Any CPU
		{71D9D989-0FA8-4988-AF41-FB2EAD83FECE}.Release|Any CPU.ActiveCfg = Release|Any CPU
		{71D9D989-0FA8-4988-AF41-FB2EAD83FECE}.Release|Any CPU.Build.0 = Release|Any CPU
		{71D9D989-0FA8-4988-AF41-FB2EAD83FECE}.Release|x64.ActiveCfg = Release|Any CPU
		{71D9D989-0FA8-4988-AF41-FB2EAD83FECE}.Release|x64.Build.0 = Release|Any CPU
		{71D9D989-0FA8-4988-AF41-FB2EAD83FECE}.Release|x86.ActiveCfg = Release|Any CPU
		{71D9D989-0FA8-4988-AF41-FB2EAD83FECE}.Release|x86.Build.0 = Release|Any CPU
		{39FAC423-17C5-4963-AA5D-303AC5207B10}.Debug|Any CPU.ActiveCfg = Debug|Any CPU
		{39FAC423-17C5-4963-AA5D-303AC5207B10}.Debug|Any CPU.Build.0 = Debug|Any CPU
		{39FAC423-17C5-4963-AA5D-303AC5207B10}.Debug|x64.ActiveCfg = Debug|Any CPU
		{39FAC423-17C5-4963-AA5D-303AC5207B10}.Debug|x64.Build.0 = Debug|Any CPU
		{39FAC423-17C5-4963-AA5D-303AC5207B10}.Debug|x86.ActiveCfg = Debug|Any CPU
		{39FAC423-17C5-4963-AA5D-303AC5207B10}.Debug|x86.Build.0 = Debug|Any CPU
		{39FAC423-17C5-4963-AA5D-303AC5207B10}.Release|Any CPU.ActiveCfg = Release|Any CPU
		{39FAC423-17C5-4963-AA5D-303AC5207B10}.Release|Any CPU.Build.0 = Release|Any CPU
		{39FAC423-17C5-4963-AA5D-303AC5207B10}.Release|x64.ActiveCfg = Release|Any CPU
		{39FAC423-17C5-4963-AA5D-303AC5207B10}.Release|x64.Build.0 = Release|Any CPU
		{39FAC423-17C5-4963-AA5D-303AC5207B10}.Release|x86.ActiveCfg = Release|Any CPU
		{39FAC423-17C5-4963-AA5D-303AC5207B10}.Release|x86.Build.0 = Release|Any CPU
	EndGlobalSection
	GlobalSection(SolutionProperties) = preSolution
		HideSolutionNode = FALSE
	EndGlobalSection
	GlobalSection(ExtensibilityGlobals) = postSolution
		SolutionGuid = {1BCF849B-23ED-4AB0-9101-7C940CAB96A4}
	EndGlobalSection
	GlobalSection(NestedProjects) = preSolution
		{6F51F353-62A1-4E48-9FAA-71451891D407} = {1254F7FC-B17B-471F-A6C4-1A908A73700F}
		{39FAC423-17C5-4963-AA5D-303AC5207B10} = {6F51F353-62A1-4E48-9FAA-71451891D407}
	EndGlobalSection
EndGlobal
